{
  "nodes": {
    "flakeNimbleLib": {
      "inputs": {
        "nixpkgs": [
          "nixpkgs"
        ]
      },
      "locked": {
        "lastModified": 1662018438,
        "narHash": "sha256-QtNtU6+LX3Wokxf0zlFwKTFOcn6TeDjKQZ+DA9OYtvM=",
        "owner": "riinr",
        "repo": "nim-flakes-lib",
        "rev": "b1fe8340736e3a85d25c709ac3dfd82a55c03cbf",
        "type": "github"
      },
      "original": {
        "owner": "riinr",
        "ref": "master",
        "repo": "nim-flakes-lib",
        "type": "github"
      }
    },
    "libusb-master": {
      "inputs": {
        "flakeNimbleLib": [
          "flakeNimbleLib"
        ],
        "nixpkgs": [
          "nixpkgs"
        ],
        "src-libusb-master": "src-libusb-master"
      },
      "locked": {
        "dir": "master",
        "lastModified": 1667322398,
        "narHash": "sha256-aSW4NjoEkJP4CYKv7ZLQOdOQoo0TN5gZhDVHYRTiRaw=",
        "owner": "nim-nix-pkgs",
        "repo": "libusb",
        "rev": "cb440dd342210828cb264f76acc35b5eeac0162c",
        "type": "github"
      },
      "original": {
        "dir": "master",
        "owner": "nim-nix-pkgs",
        "ref": "master",
        "repo": "libusb",
        "type": "github"
      }
    },
    "nixpkgs": {
      "locked": {
        "lastModified": 1667199707,
        "narHash": "sha256-I2Js3Y7gUyVSEXPULHlBoRek4Lh85vnevdS6mdvDNLI=",
        "owner": "NixOS",
        "repo": "nixpkgs",
        "rev": "ced197be72099edcfa68ebed8b87af7b04851f45",
        "type": "github"
      },
      "original": {
        "id": "nixpkgs",
        "type": "indirect"
      }
    },
    "root": {
      "inputs": {
        "flakeNimbleLib": "flakeNimbleLib",
        "libusb-master": "libusb-master",
        "nixpkgs": "nixpkgs"
      }
    },
    "src-libusb-master": {
      "flake": false,
      "locked": {
        "lastModified": 1567960508,
        "narHash": "sha256-vVhwHwmiHpXKQfMMbX/HXJVqWALuEmyWemudzb6CGKQ=",
        "owner": "nimious",
        "repo": "libusb",
        "rev": "cc6b6aefb52e3671972df5d4bf23f55c09298896",
        "type": "github"
      },
      "original": {
        "owner": "nimious",
        "ref": "refs/heads/master",
        "repo": "libusb",
        "type": "github"
      }
    }
  },
  "root": "root",
  "version": 7
}
